// !$*UTF8*$!
{
	archiveVersion = 1;
	classes = {
	};
	objectVersion = 56;
	objects = {

/* Begin PBXBuildFile section */
		230520C32A1C92EB006ED1D5 /* CheckP.swift in Sources */ = {isa = PBXBuildFile; fileRef = 230520C22A1C92EB006ED1D5 /* CheckP.swift */; };
		230520C52A1C98F4006ED1D5 /* CheckT.swift in Sources */ = {isa = PBXBuildFile; fileRef = 230520C42A1C98F4006ED1D5 /* CheckT.swift */; };
		230520EF2A1D32D4006ED1D5 /* SkipButton.swift in Sources */ = {isa = PBXBuildFile; fileRef = 230520EE2A1D32D3006ED1D5 /* SkipButton.swift */; };
		230520F12A1D3755006ED1D5 /* SaveButton.swift in Sources */ = {isa = PBXBuildFile; fileRef = 230520F02A1D3755006ED1D5 /* SaveButton.swift */; };
		230A1E302A0B6C9100832244 /* Form.swift in Sources */ = {isa = PBXBuildFile; fileRef = 230A1E2F2A0B6C9100832244 /* Form.swift */; };
		230A1E342A0B841100832244 /*  OrderIsSent.swift in Sources */ = {isa = PBXBuildFile; fileRef = 230A1E332A0B841100832244 /*  OrderIsSent.swift */; };
		231174342A0AB5FB003916F0 /* SplititF1App.swift in Sources */ = {isa = PBXBuildFile; fileRef = 231174332A0AB5FB003916F0 /* SplititF1App.swift */; };
		231174382A0AB5FC003916F0 /* Assets.xcassets in Resources */ = {isa = PBXBuildFile; fileRef = 231174372A0AB5FC003916F0 /* Assets.xcassets */; };
		2311743B2A0AB5FC003916F0 /* Preview Assets.xcassets in Resources */ = {isa = PBXBuildFile; fileRef = 2311743A2A0AB5FC003916F0 /* Preview Assets.xcassets */; };
		23297DFF2A18B71A0035658B /* RName.swift in Sources */ = {isa = PBXBuildFile; fileRef = 23297DFE2A18B71A0035658B /* RName.swift */; };
		23297E2B2A1902A70035658B /* Mapp.swift in Sources */ = {isa = PBXBuildFile; fileRef = 23297E202A1902A70035658B /* Mapp.swift */; };
		23297E2C2A1902A70035658B /* LocationManager.swift in Sources */ = {isa = PBXBuildFile; fileRef = 23297E222A1902A70035658B /* LocationManager.swift */; };
		23297E2D2A1902A70035658B /* Landmark.swift in Sources */ = {isa = PBXBuildFile; fileRef = 23297E242A1902A70035658B /* Landmark.swift */; };
		23297E2E2A1902A70035658B /* MKCoordinateRegion+Extensions.swift in Sources */ = {isa = PBXBuildFile; fileRef = 23297E262A1902A70035658B /* MKCoordinateRegion+Extensions.swift */; };
		23297E2F2A1902A70035658B /* LandmarkListView.swift in Sources */ = {isa = PBXBuildFile; fileRef = 23297E282A1902A70035658B /* LandmarkListView.swift */; };
		23297E302A1902A70035658B /* LocalSearchService.swift in Sources */ = {isa = PBXBuildFile; fileRef = 23297E2A2A1902A70035658B /* LocalSearchService.swift */; };
		23568BA72A30EC110063C061 /* Check1.swift in Sources */ = {isa = PBXBuildFile; fileRef = 23568BA62A30EC110063C061 /* Check1.swift */; };
		23568BAD2A30F0B90063C061 /* NamePopupView.swift in Sources */ = {isa = PBXBuildFile; fileRef = 23568BAC2A30F0B80063C061 /* NamePopupView.swift */; };
		23568BAF2A30F1060063C061 /* BottomPopupView.swift in Sources */ = {isa = PBXBuildFile; fileRef = 23568BAE2A30F1060063C061 /* BottomPopupView.swift */; };
		23568BB12A30F11C0063C061 /* PopupModifier.swift in Sources */ = {isa = PBXBuildFile; fileRef = 23568BB02A30F11C0063C061 /* PopupModifier.swift */; };
		23CA5FC42A1DE6AA00289A3B /* PaymentCard.swift in Sources */ = {isa = PBXBuildFile; fileRef = 23CA5FC32A1DE6AA00289A3B /* PaymentCard.swift */; };
		23CA5FC62A1DE99400289A3B /* editButton.swift in Sources */ = {isa = PBXBuildFile; fileRef = 23CA5FC52A1DE99400289A3B /* editButton.swift */; };
		23CA5FC82A1E006200289A3B /* OrderConfirmed  .swift in Sources */ = {isa = PBXBuildFile; fileRef = 23CA5FC72A1E006200289A3B /* OrderConfirmed  .swift */; };
		23CD7CA42A1A11F000260B15 /* TabBar.swift in Sources */ = {isa = PBXBuildFile; fileRef = 23CD7CA32A1A11F000260B15 /* TabBar.swift */; };
		23CD7CA62A1A120C00260B15 /* OrderHistory .swift in Sources */ = {isa = PBXBuildFile; fileRef = 23CD7CA52A1A120C00260B15 /* OrderHistory .swift */; };
		23CD7CA82A1A121B00260B15 /* Profile .swift in Sources */ = {isa = PBXBuildFile; fileRef = 23CD7CA72A1A121B00260B15 /* Profile .swift */; };
		23CD7CAA2A1A125700260B15 /* FormForAddingOrder.swift in Sources */ = {isa = PBXBuildFile; fileRef = 23CD7CA92A1A125700260B15 /* FormForAddingOrder.swift */; };
		23CD7CAC2A1A127300260B15 /* OrderStatusPage.swift in Sources */ = {isa = PBXBuildFile; fileRef = 23CD7CAB2A1A127200260B15 /* OrderStatusPage.swift */; };
		23CD7CAE2A1A128200260B15 /* MyAccountP.swift in Sources */ = {isa = PBXBuildFile; fileRef = 23CD7CAD2A1A128200260B15 /* MyAccountP.swift */; };
		23CD7CB02A1A128C00260B15 /* PaymentProfile.swift in Sources */ = {isa = PBXBuildFile; fileRef = 23CD7CAF2A1A128C00260B15 /* PaymentProfile.swift */; };
		23CD7CB22A1A129500260B15 /* JoinButton.swift in Sources */ = {isa = PBXBuildFile; fileRef = 23CD7CB12A1A129500260B15 /* JoinButton.swift */; };
		23CD7CB42A1A129E00260B15 /* SendButton.swift in Sources */ = {isa = PBXBuildFile; fileRef = 23CD7CB32A1A129E00260B15 /* SendButton.swift */; };
		23CD7CB62A1A12A600260B15 /* OpenButton.swift in Sources */ = {isa = PBXBuildFile; fileRef = 23CD7CB52A1A12A600260B15 /* OpenButton.swift */; };
		23CD7CB82A1A12D600260B15 /* CardNewOrder.swift in Sources */ = {isa = PBXBuildFile; fileRef = 23CD7CB72A1A12D600260B15 /* CardNewOrder.swift */; };
		23CD7CBA2A1A12EA00260B15 /* joinCard.swift in Sources */ = {isa = PBXBuildFile; fileRef = 23CD7CB92A1A12EA00260B15 /* joinCard.swift */; };
		23CD7CBC2A1A12F500260B15 /* checkbox.swift in Sources */ = {isa = PBXBuildFile; fileRef = 23CD7CBB2A1A12F500260B15 /* checkbox.swift */; };
		23CD7CC22A1A130300260B15 /* myOrderSummary.swift in Sources */ = {isa = PBXBuildFile; fileRef = 23CD7CBD2A1A130300260B15 /* myOrderSummary.swift */; };
		23CD7CC32A1A130300260B15 /* copyButton.swift in Sources */ = {isa = PBXBuildFile; fileRef = 23CD7CBE2A1A130300260B15 /* copyButton.swift */; };
		23CD7CC52A1A130300260B15 /* TimelineTrack.swift in Sources */ = {isa = PBXBuildFile; fileRef = 23CD7CC02A1A130300260B15 /* TimelineTrack.swift */; };
		23CD7CCE2A1A147800260B15 /* ContentView.swift in Sources */ = {isa = PBXBuildFile; fileRef = 23CD7CCD2A1A147800260B15 /* ContentView.swift */; };
		23DAF6A52A10C77800B68DF4 /* OrderArrived.swift in Sources */ = {isa = PBXBuildFile; fileRef = 23DAF6A42A10C77800B68DF4 /* OrderArrived.swift */; };
		23EDEB662A0FDFB70096DA21 /* Waiting1.swift in Sources */ = {isa = PBXBuildFile; fileRef = 23EDEB652A0FDFB70096DA21 /* Waiting1.swift */; };
		23FC80F92A14A82D0001853B /* AccountInfo.swift in Sources */ = {isa = PBXBuildFile; fileRef = 23FC80F82A14A82D0001853B /* AccountInfo.swift */; };
		23FC80FB2A14B7800001853B /* Onboarding.swift in Sources */ = {isa = PBXBuildFile; fileRef = 23FC80FA2A14B7800001853B /* Onboarding.swift */; };
		23FC80FD2A14BB350001853B /* Splash.swift in Sources */ = {isa = PBXBuildFile; fileRef = 23FC80FC2A14BB350001853B /* Splash.swift */; };
		23FC81042A153BB40001853B /* OrderView.swift in Sources */ = {isa = PBXBuildFile; fileRef = 23FC81032A153BB40001853B /* OrderView.swift */; };
		590B929A2A2CF0F00026B132 /* EnvironmentWindowKey.swift in Sources */ = {isa = PBXBuildFile; fileRef = 590B92992A2CF0F00026B132 /* EnvironmentWindowKey.swift */; };
		590B92A02A2DD7F60026B132 /* OrderT.swift in Sources */ = {isa = PBXBuildFile; fileRef = 590B929F2A2DD7F60026B132 /* OrderT.swift */; };
		59581A3A2A2C64C2000F80D5 /* SignInWithApple.swift in Sources */ = {isa = PBXBuildFile; fileRef = 59581A392A2C64C2000F80D5 /* SignInWithApple.swift */; };
		59581A3C2A2C6511000F80D5 /* SignInWithAppleDelegates.swift in Sources */ = {isa = PBXBuildFile; fileRef = 59581A3B2A2C6511000F80D5 /* SignInWithAppleDelegates.swift */; };
		59581A3E2A2C68AE000F80D5 /* SceneDelegate.swift in Sources */ = {isa = PBXBuildFile; fileRef = 59581A3D2A2C68AE000F80D5 /* SceneDelegate.swift */; };
		59581A422A2C6E07000F80D5 /* UserProfile.swift in Sources */ = {isa = PBXBuildFile; fileRef = 59581A412A2C6E07000F80D5 /* UserProfile.swift */; };
		59581A442A2C783F000F80D5 /* WebAPI.swift in Sources */ = {isa = PBXBuildFile; fileRef = 59581A432A2C783F000F80D5 /* WebAPI.swift */; };
		596A25A22A34F7C7008FC583 /* CardActiveOrder.swift in Sources */ = {isa = PBXBuildFile; fileRef = 596A25A12A34F7C7008FC583 /* CardActiveOrder.swift */; };
		59A0B4D42A1FEA9F00250403 /* AppNamePicker.swift in Sources */ = {isa = PBXBuildFile; fileRef = 59A0B4D32A1FEA9F00250403 /* AppNamePicker.swift */; };
		59A0B4D62A1FEC9A00250403 /* JoinedOrder.swift in Sources */ = {isa = PBXBuildFile; fileRef = 59A0B4D52A1FEC9A00250403 /* JoinedOrder.swift */; };
		59A0B4D82A1FEDBC00250403 /* ChangeStatusButton.swift in Sources */ = {isa = PBXBuildFile; fileRef = 59A0B4D72A1FEDBC00250403 /* ChangeStatusButton.swift */; };
		59A0B4DA2A1FEEB600250403 /* LargeButton.swift in Sources */ = {isa = PBXBuildFile; fileRef = 59A0B4D92A1FEEB600250403 /* LargeButton.swift */; };
		59A0B4DE2A2016F900250403 /* newJoinCard.swift in Sources */ = {isa = PBXBuildFile; fileRef = 59A0B4DD2A2016F900250403 /* newJoinCard.swift */; };
		59A0B4E02A20DC4300250403 /* inputField.swift in Sources */ = {isa = PBXBuildFile; fileRef = 59A0B4DF2A20DC4300250403 /* inputField.swift */; };
		59A0B4E22A21E70800250403 /* newSizeDropDown.swift in Sources */ = {isa = PBXBuildFile; fileRef = 59A0B4E12A21E70800250403 /* newSizeDropDown.swift */; };
		59ABF66A2A2F1FC1005CE373 /* getLocation.swift in Sources */ = {isa = PBXBuildFile; fileRef = 59ABF6692A2F1FC1005CE373 /* getLocation.swift */; };
		F50523D52A2B5405005BC1AC /* Location.swift in Sources */ = {isa = PBXBuildFile; fileRef = F50523D42A2B5405005BC1AC /* Location.swift */; };
		F50523D72A2B5807005BC1AC /* ContentView2.swift in Sources */ = {isa = PBXBuildFile; fileRef = F50523D62A2B5807005BC1AC /* ContentView2.swift */; };
		F50523DA2A2B6905005BC1AC /* CoreLocation.framework in Frameworks */ = {isa = PBXBuildFile; fileRef = F50523D92A2B6905005BC1AC /* CoreLocation.framework */; };
		F5255C152A1C9D6A0073AF14 /* Localizable.strings in Resources */ = {isa = PBXBuildFile; fileRef = F5255C172A1C9D6A0073AF14 /* Localizable.strings */; };
		F56E3CB92A2F1AC50029B9F0 /* SwiftUIView22.swift in Sources */ = {isa = PBXBuildFile; fileRef = F56E3CB82A2F1AC50029B9F0 /* SwiftUIView22.swift */; };
		F57B08A02A1F3CC3002A8913 /* NewOrder.swift in Sources */ = {isa = PBXBuildFile; fileRef = F57B089F2A1F3CC3002A8913 /* NewOrder.swift */; };
		F5C7BBDB2A1B548E007AEB3A /* sizeDropDown.swift in Sources */ = {isa = PBXBuildFile; fileRef = F5C7BBDA2A1B548E007AEB3A /* sizeDropDown.swift */; };
		F5D03D242A2F1F3000636E12 /* Privacy and Policy .swift in Sources */ = {isa = PBXBuildFile; fileRef = F5D03D232A2F1F3000636E12 /* Privacy and Policy .swift */; };
		F5D03D262A2F8E0D00636E12 /* helpandsupport.swift in Sources */ = {isa = PBXBuildFile; fileRef = F5D03D252A2F8E0D00636E12 /* helpandsupport.swift */; };
/* End PBXBuildFile section */

/* Begin PBXFileReference section */
		230520C22A1C92EB006ED1D5 /* CheckP.swift */ = {isa = PBXFileReference; lastKnownFileType = sourcecode.swift; path = CheckP.swift; sourceTree = "<group>"; };
		230520C42A1C98F4006ED1D5 /* CheckT.swift */ = {isa = PBXFileReference; lastKnownFileType = sourcecode.swift; path = CheckT.swift; sourceTree = "<group>"; };
		230520EE2A1D32D3006ED1D5 /* SkipButton.swift */ = {isa = PBXFileReference; lastKnownFileType = sourcecode.swift; path = SkipButton.swift; sourceTree = "<group>"; };
		230520F02A1D3755006ED1D5 /* SaveButton.swift */ = {isa = PBXFileReference; lastKnownFileType = sourcecode.swift; path = SaveButton.swift; sourceTree = "<group>"; };
		230A1E2F2A0B6C9100832244 /* Form.swift */ = {isa = PBXFileReference; lastKnownFileType = sourcecode.swift; path = Form.swift; sourceTree = "<group>"; };
		230A1E332A0B841100832244 /*  OrderIsSent.swift */ = {isa = PBXFileReference; lastKnownFileType = sourcecode.swift; path = " OrderIsSent.swift"; sourceTree = "<group>"; };
		231174302A0AB5FB003916F0 /* SplititF1.app */ = {isa = PBXFileReference; explicitFileType = wrapper.application; includeInIndex = 0; path = SplititF1.app; sourceTree = BUILT_PRODUCTS_DIR; };
		231174332A0AB5FB003916F0 /* SplititF1App.swift */ = {isa = PBXFileReference; lastKnownFileType = sourcecode.swift; path = SplititF1App.swift; sourceTree = "<group>"; };
		231174372A0AB5FC003916F0 /* Assets.xcassets */ = {isa = PBXFileReference; lastKnownFileType = folder.assetcatalog; path = Assets.xcassets; sourceTree = "<group>"; };
		2311743A2A0AB5FC003916F0 /* Preview Assets.xcassets */ = {isa = PBXFileReference; lastKnownFileType = folder.assetcatalog; path = "Preview Assets.xcassets"; sourceTree = "<group>"; };
		23297DFE2A18B71A0035658B /* RName.swift */ = {isa = PBXFileReference; lastKnownFileType = sourcecode.swift; path = RName.swift; sourceTree = "<group>"; };
		23297E202A1902A70035658B /* Mapp.swift */ = {isa = PBXFileReference; fileEncoding = 4; lastKnownFileType = sourcecode.swift; path = Mapp.swift; sourceTree = "<group>"; };
		23297E222A1902A70035658B /* LocationManager.swift */ = {isa = PBXFileReference; fileEncoding = 4; lastKnownFileType = sourcecode.swift; path = LocationManager.swift; sourceTree = "<group>"; };
		23297E242A1902A70035658B /* Landmark.swift */ = {isa = PBXFileReference; fileEncoding = 4; lastKnownFileType = sourcecode.swift; path = Landmark.swift; sourceTree = "<group>"; };
		23297E262A1902A70035658B /* MKCoordinateRegion+Extensions.swift */ = {isa = PBXFileReference; fileEncoding = 4; lastKnownFileType = sourcecode.swift; path = "MKCoordinateRegion+Extensions.swift"; sourceTree = "<group>"; };
		23297E282A1902A70035658B /* LandmarkListView.swift */ = {isa = PBXFileReference; fileEncoding = 4; lastKnownFileType = sourcecode.swift; path = LandmarkListView.swift; sourceTree = "<group>"; };
		23297E2A2A1902A70035658B /* LocalSearchService.swift */ = {isa = PBXFileReference; fileEncoding = 4; lastKnownFileType = sourcecode.swift; path = LocalSearchService.swift; sourceTree = "<group>"; };
		23568BA62A30EC110063C061 /* Check1.swift */ = {isa = PBXFileReference; lastKnownFileType = sourcecode.swift; path = Check1.swift; sourceTree = "<group>"; };
		23568BAC2A30F0B80063C061 /* NamePopupView.swift */ = {isa = PBXFileReference; fileEncoding = 4; lastKnownFileType = sourcecode.swift; path = NamePopupView.swift; sourceTree = "<group>"; };
		23568BAE2A30F1060063C061 /* BottomPopupView.swift */ = {isa = PBXFileReference; fileEncoding = 4; lastKnownFileType = sourcecode.swift; path = BottomPopupView.swift; sourceTree = "<group>"; };
		23568BB02A30F11C0063C061 /* PopupModifier.swift */ = {isa = PBXFileReference; fileEncoding = 4; lastKnownFileType = sourcecode.swift; path = PopupModifier.swift; sourceTree = "<group>"; };
		23CA5FC32A1DE6AA00289A3B /* PaymentCard.swift */ = {isa = PBXFileReference; lastKnownFileType = sourcecode.swift; path = PaymentCard.swift; sourceTree = "<group>"; };
		23CA5FC52A1DE99400289A3B /* editButton.swift */ = {isa = PBXFileReference; lastKnownFileType = sourcecode.swift; path = editButton.swift; sourceTree = "<group>"; };
		23CA5FC72A1E006200289A3B /* OrderConfirmed  .swift */ = {isa = PBXFileReference; lastKnownFileType = sourcecode.swift; path = "OrderConfirmed  .swift"; sourceTree = "<group>"; };
		23CD7CA32A1A11F000260B15 /* TabBar.swift */ = {isa = PBXFileReference; fileEncoding = 4; lastKnownFileType = sourcecode.swift; path = TabBar.swift; sourceTree = "<group>"; };
		23CD7CA52A1A120C00260B15 /* OrderHistory .swift */ = {isa = PBXFileReference; fileEncoding = 4; lastKnownFileType = sourcecode.swift; path = "OrderHistory .swift"; sourceTree = "<group>"; };
		23CD7CA72A1A121B00260B15 /* Profile .swift */ = {isa = PBXFileReference; fileEncoding = 4; lastKnownFileType = sourcecode.swift; path = "Profile .swift"; sourceTree = "<group>"; };
		23CD7CA92A1A125700260B15 /* FormForAddingOrder.swift */ = {isa = PBXFileReference; fileEncoding = 4; lastKnownFileType = sourcecode.swift; path = FormForAddingOrder.swift; sourceTree = "<group>"; };
		23CD7CAB2A1A127200260B15 /* OrderStatusPage.swift */ = {isa = PBXFileReference; fileEncoding = 4; lastKnownFileType = sourcecode.swift; path = OrderStatusPage.swift; sourceTree = "<group>"; };
		23CD7CAD2A1A128200260B15 /* MyAccountP.swift */ = {isa = PBXFileReference; fileEncoding = 4; lastKnownFileType = sourcecode.swift; path = MyAccountP.swift; sourceTree = "<group>"; };
		23CD7CAF2A1A128C00260B15 /* PaymentProfile.swift */ = {isa = PBXFileReference; fileEncoding = 4; lastKnownFileType = sourcecode.swift; path = PaymentProfile.swift; sourceTree = "<group>"; };
		23CD7CB12A1A129500260B15 /* JoinButton.swift */ = {isa = PBXFileReference; fileEncoding = 4; lastKnownFileType = sourcecode.swift; path = JoinButton.swift; sourceTree = "<group>"; };
		23CD7CB32A1A129E00260B15 /* SendButton.swift */ = {isa = PBXFileReference; fileEncoding = 4; lastKnownFileType = sourcecode.swift; path = SendButton.swift; sourceTree = "<group>"; };
		23CD7CB52A1A12A600260B15 /* OpenButton.swift */ = {isa = PBXFileReference; fileEncoding = 4; lastKnownFileType = sourcecode.swift; path = OpenButton.swift; sourceTree = "<group>"; };
		23CD7CB72A1A12D600260B15 /* CardNewOrder.swift */ = {isa = PBXFileReference; fileEncoding = 4; lastKnownFileType = sourcecode.swift; path = CardNewOrder.swift; sourceTree = "<group>"; };
		23CD7CB92A1A12EA00260B15 /* joinCard.swift */ = {isa = PBXFileReference; fileEncoding = 4; lastKnownFileType = sourcecode.swift; path = joinCard.swift; sourceTree = "<group>"; };
		23CD7CBB2A1A12F500260B15 /* checkbox.swift */ = {isa = PBXFileReference; fileEncoding = 4; lastKnownFileType = sourcecode.swift; path = checkbox.swift; sourceTree = "<group>"; };
		23CD7CBD2A1A130300260B15 /* myOrderSummary.swift */ = {isa = PBXFileReference; fileEncoding = 4; lastKnownFileType = sourcecode.swift; path = myOrderSummary.swift; sourceTree = "<group>"; };
		23CD7CBE2A1A130300260B15 /* copyButton.swift */ = {isa = PBXFileReference; fileEncoding = 4; lastKnownFileType = sourcecode.swift; path = copyButton.swift; sourceTree = "<group>"; };
		23CD7CC02A1A130300260B15 /* TimelineTrack.swift */ = {isa = PBXFileReference; fileEncoding = 4; lastKnownFileType = sourcecode.swift; path = TimelineTrack.swift; sourceTree = "<group>"; };
		23CD7CCD2A1A147800260B15 /* ContentView.swift */ = {isa = PBXFileReference; fileEncoding = 4; lastKnownFileType = sourcecode.swift; path = ContentView.swift; sourceTree = "<group>"; };
		23DAF6A42A10C77800B68DF4 /* OrderArrived.swift */ = {isa = PBXFileReference; lastKnownFileType = sourcecode.swift; path = OrderArrived.swift; sourceTree = "<group>"; };
		23EDEB652A0FDFB70096DA21 /* Waiting1.swift */ = {isa = PBXFileReference; lastKnownFileType = sourcecode.swift; path = Waiting1.swift; sourceTree = "<group>"; };
		23FC80F82A14A82D0001853B /* AccountInfo.swift */ = {isa = PBXFileReference; lastKnownFileType = sourcecode.swift; path = AccountInfo.swift; sourceTree = "<group>"; };
		23FC80FA2A14B7800001853B /* Onboarding.swift */ = {isa = PBXFileReference; lastKnownFileType = sourcecode.swift; path = Onboarding.swift; sourceTree = "<group>"; };
		23FC80FC2A14BB350001853B /* Splash.swift */ = {isa = PBXFileReference; lastKnownFileType = sourcecode.swift; path = Splash.swift; sourceTree = "<group>"; };
		23FC81022A15303B0001853B /* SplititF1.entitlements */ = {isa = PBXFileReference; lastKnownFileType = text.plist.entitlements; path = SplititF1.entitlements; sourceTree = "<group>"; };
		23FC81032A153BB40001853B /* OrderView.swift */ = {isa = PBXFileReference; lastKnownFileType = sourcecode.swift; path = OrderView.swift; sourceTree = "<group>"; };
		590B92992A2CF0F00026B132 /* EnvironmentWindowKey.swift */ = {isa = PBXFileReference; lastKnownFileType = sourcecode.swift; path = EnvironmentWindowKey.swift; sourceTree = "<group>"; };
		590B929F2A2DD7F60026B132 /* OrderT.swift */ = {isa = PBXFileReference; lastKnownFileType = sourcecode.swift; path = OrderT.swift; sourceTree = "<group>"; };
		59581A392A2C64C2000F80D5 /* SignInWithApple.swift */ = {isa = PBXFileReference; lastKnownFileType = sourcecode.swift; path = SignInWithApple.swift; sourceTree = "<group>"; };
		59581A3B2A2C6511000F80D5 /* SignInWithAppleDelegates.swift */ = {isa = PBXFileReference; lastKnownFileType = sourcecode.swift; path = SignInWithAppleDelegates.swift; sourceTree = "<group>"; };
		59581A3D2A2C68AE000F80D5 /* SceneDelegate.swift */ = {isa = PBXFileReference; lastKnownFileType = sourcecode.swift; path = SceneDelegate.swift; sourceTree = "<group>"; };
		59581A412A2C6E07000F80D5 /* UserProfile.swift */ = {isa = PBXFileReference; lastKnownFileType = sourcecode.swift; path = UserProfile.swift; sourceTree = "<group>"; };
		59581A432A2C783F000F80D5 /* WebAPI.swift */ = {isa = PBXFileReference; lastKnownFileType = sourcecode.swift; path = WebAPI.swift; sourceTree = "<group>"; };
		596A25A12A34F7C7008FC583 /* CardActiveOrder.swift */ = {isa = PBXFileReference; lastKnownFileType = sourcecode.swift; path = CardActiveOrder.swift; sourceTree = "<group>"; };
		59A0B4D32A1FEA9F00250403 /* AppNamePicker.swift */ = {isa = PBXFileReference; lastKnownFileType = sourcecode.swift; path = AppNamePicker.swift; sourceTree = "<group>"; };
		59A0B4D52A1FEC9A00250403 /* JoinedOrder.swift */ = {isa = PBXFileReference; lastKnownFileType = sourcecode.swift; path = JoinedOrder.swift; sourceTree = "<group>"; };
		59A0B4D72A1FEDBC00250403 /* ChangeStatusButton.swift */ = {isa = PBXFileReference; lastKnownFileType = sourcecode.swift; path = ChangeStatusButton.swift; sourceTree = "<group>"; };
		59A0B4D92A1FEEB600250403 /* LargeButton.swift */ = {isa = PBXFileReference; lastKnownFileType = sourcecode.swift; path = LargeButton.swift; sourceTree = "<group>"; };
		59A0B4DD2A2016F900250403 /* newJoinCard.swift */ = {isa = PBXFileReference; lastKnownFileType = sourcecode.swift; path = newJoinCard.swift; sourceTree = "<group>"; };
		59A0B4DF2A20DC4300250403 /* inputField.swift */ = {isa = PBXFileReference; lastKnownFileType = sourcecode.swift; path = inputField.swift; sourceTree = "<group>"; };
		59A0B4E12A21E70800250403 /* newSizeDropDown.swift */ = {isa = PBXFileReference; lastKnownFileType = sourcecode.swift; path = newSizeDropDown.swift; sourceTree = "<group>"; };
		59ABF6692A2F1FC1005CE373 /* getLocation.swift */ = {isa = PBXFileReference; lastKnownFileType = sourcecode.swift; path = getLocation.swift; sourceTree = "<group>"; };
		F50523D42A2B5405005BC1AC /* Location.swift */ = {isa = PBXFileReference; lastKnownFileType = sourcecode.swift; path = Location.swift; sourceTree = "<group>"; };
		F50523D62A2B5807005BC1AC /* ContentView2.swift */ = {isa = PBXFileReference; lastKnownFileType = sourcecode.swift; path = ContentView2.swift; sourceTree = "<group>"; };
		F50523D92A2B6905005BC1AC /* CoreLocation.framework */ = {isa = PBXFileReference; lastKnownFileType = wrapper.framework; name = CoreLocation.framework; path = System/Library/Frameworks/CoreLocation.framework; sourceTree = SDKROOT; };
		F5255C162A1C9D6A0073AF14 /* ar */ = {isa = PBXFileReference; lastKnownFileType = text.plist.strings; name = ar; path = ar.lproj/Localizable.strings; sourceTree = "<group>"; };
		F5255C182A1C9D9B0073AF14 /* en */ = {isa = PBXFileReference; lastKnownFileType = text.plist.strings; name = en; path = en.lproj/Localizable.strings; sourceTree = "<group>"; };
		F567FC562A2DC8F1008B134C /* timeline2.swift */ = {isa = PBXFileReference; lastKnownFileType = sourcecode.swift; path = timeline2.swift; sourceTree = "<group>"; };
		F567FC582A2DCB25008B134C /* MotivationalPopUp.swift */ = {isa = PBXFileReference; lastKnownFileType = sourcecode.swift; path = MotivationalPopUp.swift; sourceTree = "<group>"; };
		F56E3CB82A2F1AC50029B9F0 /* SwiftUIView22.swift */ = {isa = PBXFileReference; lastKnownFileType = sourcecode.swift; path = SwiftUIView22.swift; sourceTree = "<group>"; };
		F57B089F2A1F3CC3002A8913 /* NewOrder.swift */ = {isa = PBXFileReference; lastKnownFileType = sourcecode.swift; path = NewOrder.swift; sourceTree = "<group>"; };
		F5C7BBDA2A1B548E007AEB3A /* sizeDropDown.swift */ = {isa = PBXFileReference; lastKnownFileType = sourcecode.swift; path = sizeDropDown.swift; sourceTree = "<group>"; };
		F5D03D232A2F1F3000636E12 /* Privacy and Policy .swift */ = {isa = PBXFileReference; lastKnownFileType = sourcecode.swift; path = "Privacy and Policy .swift"; sourceTree = "<group>"; };
		F5D03D252A2F8E0D00636E12 /* helpandsupport.swift */ = {isa = PBXFileReference; lastKnownFileType = sourcecode.swift; path = helpandsupport.swift; sourceTree = "<group>"; };
/* End PBXFileReference section */

/* Begin PBXFrameworksBuildPhase section */
		2311742D2A0AB5FB003916F0 /* Frameworks */ = {
			isa = PBXFrameworksBuildPhase;
			buildActionMask = 2147483647;
			files = (
				F50523DA2A2B6905005BC1AC /* CoreLocation.framework in Frameworks */,
			);
			runOnlyForDeploymentPostprocessing = 0;
		};
/* End PBXFrameworksBuildPhase section */

/* Begin PBXGroup section */
		231174272A0AB5FB003916F0 = {
			isa = PBXGroup;
			children = (
				F5255C172A1C9D6A0073AF14 /* Localizable.strings */,
				231174322A0AB5FB003916F0 /* SplititF1 */,
				231174312A0AB5FB003916F0 /* Products */,
				F50523D82A2B6905005BC1AC /* Frameworks */,
			);
			sourceTree = "<group>";
		};
		231174312A0AB5FB003916F0 /* Products */ = {
			isa = PBXGroup;
			children = (
				231174302A0AB5FB003916F0 /* SplititF1.app */,
			);
			name = Products;
			sourceTree = "<group>";
		};
		231174322A0AB5FB003916F0 /* SplititF1 */ = {
			isa = PBXGroup;
			children = (
				23FC81022A15303B0001853B /* SplititF1.entitlements */,
				231174332A0AB5FB003916F0 /* SplititF1App.swift */,
				F50523D42A2B5405005BC1AC /* Location.swift */,
				59ABF6692A2F1FC1005CE373 /* getLocation.swift */,
				F50523D62A2B5807005BC1AC /* ContentView2.swift */,
				23CD7CCD2A1A147800260B15 /* ContentView.swift */,
				23CD7CA32A1A11F000260B15 /* TabBar.swift */,
				23CD7CA52A1A120C00260B15 /* OrderHistory .swift */,
				23FC80FC2A14BB350001853B /* Splash.swift */,
				23FC80FA2A14B7800001853B /* Onboarding.swift */,
				59A0B4CE2A1FE9C900250403 /* Components */,
				59A0B4CD2A1FE9BC00250403 /* To Be Deleted */,
				23297E1F2A1902A70035658B /* Map */,
				231174372A0AB5FC003916F0 /* Assets.xcassets */,
				231174392A0AB5FC003916F0 /* Preview Content */,
			);
			path = SplititF1;
			sourceTree = "<group>";
		};
		231174392A0AB5FC003916F0 /* Preview Content */ = {
			isa = PBXGroup;
			children = (
				2311743A2A0AB5FC003916F0 /* Preview Assets.xcassets */,
			);
			path = "Preview Content";
			sourceTree = "<group>";
		};
		23297E1F2A1902A70035658B /* Map */ = {
			isa = PBXGroup;
			children = (
				23297E202A1902A70035658B /* Mapp.swift */,
				F56E3CB82A2F1AC50029B9F0 /* SwiftUIView22.swift */,
				23297E212A1902A70035658B /* Managers */,
				23297E232A1902A70035658B /* Models */,
				23297E252A1902A70035658B /* Extensions */,
				23297E272A1902A70035658B /* Views */,
				23297E292A1902A70035658B /* Services */,
			);
			path = Map;
			sourceTree = "<group>";
		};
		23297E212A1902A70035658B /* Managers */ = {
			isa = PBXGroup;
			children = (
				23297E222A1902A70035658B /* LocationManager.swift */,
			);
			path = Managers;
			sourceTree = "<group>";
		};
		23297E232A1902A70035658B /* Models */ = {
			isa = PBXGroup;
			children = (
				23297E242A1902A70035658B /* Landmark.swift */,
			);
			path = Models;
			sourceTree = "<group>";
		};
		23297E252A1902A70035658B /* Extensions */ = {
			isa = PBXGroup;
			children = (
				23297E262A1902A70035658B /* MKCoordinateRegion+Extensions.swift */,
			);
			path = Extensions;
			sourceTree = "<group>";
		};
		23297E272A1902A70035658B /* Views */ = {
			isa = PBXGroup;
			children = (
				23297E282A1902A70035658B /* LandmarkListView.swift */,
			);
			path = Views;
			sourceTree = "<group>";
		};
		23297E292A1902A70035658B /* Services */ = {
			isa = PBXGroup;
			children = (
				23297E2A2A1902A70035658B /* LocalSearchService.swift */,
			);
			path = Services;
			sourceTree = "<group>";
		};
		59581A382A2C649C000F80D5 /* SignInWithApple */ = {
			isa = PBXGroup;
			children = (
				59581A392A2C64C2000F80D5 /* SignInWithApple.swift */,
				59581A3B2A2C6511000F80D5 /* SignInWithAppleDelegates.swift */,
				59581A3D2A2C68AE000F80D5 /* SceneDelegate.swift */,
				59581A412A2C6E07000F80D5 /* UserProfile.swift */,
				590B929F2A2DD7F60026B132 /* OrderT.swift */,
				59581A432A2C783F000F80D5 /* WebAPI.swift */,
				590B92992A2CF0F00026B132 /* EnvironmentWindowKey.swift */,
			);
			path = SignInWithApple;
			sourceTree = "<group>";
		};
		59A0B4CD2A1FE9BC00250403 /* To Be Deleted */ = {
			isa = PBXGroup;
			children = (
				59A0B4D72A1FEDBC00250403 /* ChangeStatusButton.swift */,
				59A0B4D52A1FEC9A00250403 /* JoinedOrder.swift */,
				23CD7CB12A1A129500260B15 /* JoinButton.swift */,
				230520F02A1D3755006ED1D5 /* SaveButton.swift */,
				230520EE2A1D32D3006ED1D5 /* SkipButton.swift */,
				23CD7CB32A1A129E00260B15 /* SendButton.swift */,
				23297DFE2A18B71A0035658B /* RName.swift */,
				230520C42A1C98F4006ED1D5 /* CheckT.swift */,
			);
			path = "To Be Deleted";
			sourceTree = "<group>";
		};
		59A0B4CE2A1FE9C900250403 /* Components */ = {
			isa = PBXGroup;
			children = (
				59581A382A2C649C000F80D5 /* SignInWithApple */,
				23CD7CC02A1A130300260B15 /* TimelineTrack.swift */,
				F567FC562A2DC8F1008B134C /* timeline2.swift */,
				59A0B4D92A1FEEB600250403 /* LargeButton.swift */,
				59A0B4DF2A20DC4300250403 /* inputField.swift */,
				59A0B4DC2A20069C00250403 /* account */,
				59A0B4DB2A20063D00250403 /* main */,
				59A0B4D02A1FEA6600250403 /* Join */,
				59A0B4CF2A1FEA5B00250403 /* Create */,
			);
			path = Components;
			sourceTree = "<group>";
		};
		59A0B4CF2A1FEA5B00250403 /* Create */ = {
			isa = PBXGroup;
			children = (
				230A1E332A0B841100832244 /*  OrderIsSent.swift */,
				23CA5FC72A1E006200289A3B /* OrderConfirmed  .swift */,
				23EDEB652A0FDFB70096DA21 /* Waiting1.swift */,
				23DAF6A42A10C77800B68DF4 /* OrderArrived.swift */,
				230A1E2F2A0B6C9100832244 /* Form.swift */,
				23CA5FC32A1DE6AA00289A3B /* PaymentCard.swift */,
				23CA5FC52A1DE99400289A3B /* editButton.swift */,
				59A0B4D32A1FEA9F00250403 /* AppNamePicker.swift */,
				23FC81032A153BB40001853B /* OrderView.swift */,
				23568BA62A30EC110063C061 /* Check1.swift */,
				23568BAC2A30F0B80063C061 /* NamePopupView.swift */,
				23568BAE2A30F1060063C061 /* BottomPopupView.swift */,
				23568BB02A30F11C0063C061 /* PopupModifier.swift */,
			);
			path = Create;
			sourceTree = "<group>";
		};
		59A0B4D02A1FEA6600250403 /* Join */ = {
			isa = PBXGroup;
			children = (
				23CD7CA92A1A125700260B15 /* FormForAddingOrder.swift */,
				23CD7CAB2A1A127200260B15 /* OrderStatusPage.swift */,
				23CD7CBD2A1A130300260B15 /* myOrderSummary.swift */,
				F5C7BBDA2A1B548E007AEB3A /* sizeDropDown.swift */,
				59A0B4E12A21E70800250403 /* newSizeDropDown.swift */,
				23CD7CBE2A1A130300260B15 /* copyButton.swift */,
				F57B089F2A1F3CC3002A8913 /* NewOrder.swift */,
				23CD7CBB2A1A12F500260B15 /* checkbox.swift */,
			);
			path = Join;
			sourceTree = "<group>";
		};
		59A0B4DB2A20063D00250403 /* main */ = {
			isa = PBXGroup;
			children = (
				23CD7CB72A1A12D600260B15 /* CardNewOrder.swift */,
				23CD7CB92A1A12EA00260B15 /* joinCard.swift */,
				59A0B4DD2A2016F900250403 /* newJoinCard.swift */,
				230520C22A1C92EB006ED1D5 /* CheckP.swift */,
				23CD7CB52A1A12A600260B15 /* OpenButton.swift */,
				596A25A12A34F7C7008FC583 /* CardActiveOrder.swift */,
			);
			path = main;
			sourceTree = "<group>";
		};
		59A0B4DC2A20069C00250403 /* account */ = {
			isa = PBXGroup;
			children = (
				23FC80F82A14A82D0001853B /* AccountInfo.swift */,
				23CD7CAF2A1A128C00260B15 /* PaymentProfile.swift */,
				23CD7CA72A1A121B00260B15 /* Profile .swift */,
				F5D03D252A2F8E0D00636E12 /* helpandsupport.swift */,
				F5D03D232A2F1F3000636E12 /* Privacy and Policy .swift */,
				F567FC582A2DCB25008B134C /* MotivationalPopUp.swift */,
				23CD7CAD2A1A128200260B15 /* MyAccountP.swift */,
			);
			path = account;
			sourceTree = "<group>";
		};
		F50523D82A2B6905005BC1AC /* Frameworks */ = {
			isa = PBXGroup;
			children = (
				F50523D92A2B6905005BC1AC /* CoreLocation.framework */,
			);
			name = Frameworks;
			sourceTree = "<group>";
		};
/* End PBXGroup section */

/* Begin PBXNativeTarget section */
		2311742F2A0AB5FB003916F0 /* SplititF1 */ = {
			isa = PBXNativeTarget;
			buildConfigurationList = 2311743E2A0AB5FC003916F0 /* Build configuration list for PBXNativeTarget "SplititF1" */;
			buildPhases = (
				2311742C2A0AB5FB003916F0 /* Sources */,
				2311742D2A0AB5FB003916F0 /* Frameworks */,
				2311742E2A0AB5FB003916F0 /* Resources */,
			);
			buildRules = (
			);
			dependencies = (
			);
			name = SplititF1;
			productName = SplititF1;
			productReference = 231174302A0AB5FB003916F0 /* SplititF1.app */;
			productType = "com.apple.product-type.application";
		};
/* End PBXNativeTarget section */

/* Begin PBXProject section */
		231174282A0AB5FB003916F0 /* Project object */ = {
			isa = PBXProject;
			attributes = {
				BuildIndependentTargetsInParallel = 1;
				LastSwiftUpdateCheck = 1430;
				LastUpgradeCheck = 1430;
				TargetAttributes = {
					2311742F2A0AB5FB003916F0 = {
						CreatedOnToolsVersion = 14.3;
					};
				};
			};
			buildConfigurationList = 2311742B2A0AB5FB003916F0 /* Build configuration list for PBXProject "SplititF1" */;
			compatibilityVersion = "Xcode 14.0";
			developmentRegion = en;
			hasScannedForEncodings = 0;
			knownRegions = (
				en,
				Base,
				ar,
			);
			mainGroup = 231174272A0AB5FB003916F0;
			productRefGroup = 231174312A0AB5FB003916F0 /* Products */;
			projectDirPath = "";
			projectRoot = "";
			targets = (
				2311742F2A0AB5FB003916F0 /* SplititF1 */,
			);
		};
/* End PBXProject section */

/* Begin PBXResourcesBuildPhase section */
		2311742E2A0AB5FB003916F0 /* Resources */ = {
			isa = PBXResourcesBuildPhase;
			buildActionMask = 2147483647;
			files = (
				2311743B2A0AB5FC003916F0 /* Preview Assets.xcassets in Resources */,
				F5255C152A1C9D6A0073AF14 /* Localizable.strings in Resources */,
				231174382A0AB5FC003916F0 /* Assets.xcassets in Resources */,
			);
			runOnlyForDeploymentPostprocessing = 0;
		};
/* End PBXResourcesBuildPhase section */

/* Begin PBXSourcesBuildPhase section */
		2311742C2A0AB5FB003916F0 /* Sources */ = {
			isa = PBXSourcesBuildPhase;
			buildActionMask = 2147483647;
			files = (
				230A1E342A0B841100832244 /*  OrderIsSent.swift in Sources */,
				23CD7CAC2A1A127300260B15 /* OrderStatusPage.swift in Sources */,
				23FC80FD2A14BB350001853B /* Splash.swift in Sources */,
				23297DFF2A18B71A0035658B /* RName.swift in Sources */,
				23CD7CBC2A1A12F500260B15 /* checkbox.swift in Sources */,
				59A0B4D42A1FEA9F00250403 /* AppNamePicker.swift in Sources */,
				23CD7CB22A1A129500260B15 /* JoinButton.swift in Sources */,
				23CD7CB62A1A12A600260B15 /* OpenButton.swift in Sources */,
				231174342A0AB5FB003916F0 /* SplititF1App.swift in Sources */,
				23CD7CB02A1A128C00260B15 /* PaymentProfile.swift in Sources */,
				23CD7CB82A1A12D600260B15 /* CardNewOrder.swift in Sources */,
				23297E2B2A1902A70035658B /* Mapp.swift in Sources */,
				23568BAD2A30F0B90063C061 /* NamePopupView.swift in Sources */,
				F50523D72A2B5807005BC1AC /* ContentView2.swift in Sources */,
				23CD7CC22A1A130300260B15 /* myOrderSummary.swift in Sources */,
				59A0B4E02A20DC4300250403 /* inputField.swift in Sources */,
				230520EF2A1D32D4006ED1D5 /* SkipButton.swift in Sources */,
				230520F12A1D3755006ED1D5 /* SaveButton.swift in Sources */,
				59A0B4DE2A2016F900250403 /* newJoinCard.swift in Sources */,
				230520C32A1C92EB006ED1D5 /* CheckP.swift in Sources */,
				F5D03D262A2F8E0D00636E12 /* helpandsupport.swift in Sources */,
				590B92A02A2DD7F60026B132 /* OrderT.swift in Sources */,
				23CA5FC62A1DE99400289A3B /* editButton.swift in Sources */,
				F5D03D242A2F1F3000636E12 /* Privacy and Policy .swift in Sources */,
				59A0B4DA2A1FEEB600250403 /* LargeButton.swift in Sources */,
				23568BB12A30F11C0063C061 /* PopupModifier.swift in Sources */,
				23DAF6A52A10C77800B68DF4 /* OrderArrived.swift in Sources */,
				59ABF66A2A2F1FC1005CE373 /* getLocation.swift in Sources */,
				F50523D52A2B5405005BC1AC /* Location.swift in Sources */,
				23CD7CCE2A1A147800260B15 /* ContentView.swift in Sources */,
				23CD7CC52A1A130300260B15 /* TimelineTrack.swift in Sources */,
				23FC81042A153BB40001853B /* OrderView.swift in Sources */,
				59581A3A2A2C64C2000F80D5 /* SignInWithApple.swift in Sources */,
				23297E302A1902A70035658B /* LocalSearchService.swift in Sources */,
				59581A422A2C6E07000F80D5 /* UserProfile.swift in Sources */,
				23CD7CAA2A1A125700260B15 /* FormForAddingOrder.swift in Sources */,
				59581A3E2A2C68AE000F80D5 /* SceneDelegate.swift in Sources */,
				23CD7CAE2A1A128200260B15 /* MyAccountP.swift in Sources */,
				23CD7CA42A1A11F000260B15 /* TabBar.swift in Sources */,
				23CD7CA82A1A121B00260B15 /* Profile .swift in Sources */,
				23297E2F2A1902A70035658B /* LandmarkListView.swift in Sources */,
				230520C52A1C98F4006ED1D5 /* CheckT.swift in Sources */,
				59581A3C2A2C6511000F80D5 /* SignInWithAppleDelegates.swift in Sources */,
				23297E2E2A1902A70035658B /* MKCoordinateRegion+Extensions.swift in Sources */,
				F56E3CB92A2F1AC50029B9F0 /* SwiftUIView22.swift in Sources */,
				23297E2C2A1902A70035658B /* LocationManager.swift in Sources */,
				23297E2D2A1902A70035658B /* Landmark.swift in Sources */,
				23568BAF2A30F1060063C061 /* BottomPopupView.swift in Sources */,
				230A1E302A0B6C9100832244 /* Form.swift in Sources */,
				F5C7BBDB2A1B548E007AEB3A /* sizeDropDown.swift in Sources */,
				23CD7CC32A1A130300260B15 /* copyButton.swift in Sources */,
				23CA5FC82A1E006200289A3B /* OrderConfirmed  .swift in Sources */,
				23FC80FB2A14B7800001853B /* Onboarding.swift in Sources */,
				23568BA72A30EC110063C061 /* Check1.swift in Sources */,
				23EDEB662A0FDFB70096DA21 /* Waiting1.swift in Sources */,
				23FC80F92A14A82D0001853B /* AccountInfo.swift in Sources */,
				59581A442A2C783F000F80D5 /* WebAPI.swift in Sources */,
				59A0B4D82A1FEDBC00250403 /* ChangeStatusButton.swift in Sources */,
				596A25A22A34F7C7008FC583 /* CardActiveOrder.swift in Sources */,
				23CA5FC42A1DE6AA00289A3B /* PaymentCard.swift in Sources */,
				59A0B4D62A1FEC9A00250403 /* JoinedOrder.swift in Sources */,
				23CD7CBA2A1A12EA00260B15 /* joinCard.swift in Sources */,
				23CD7CA62A1A120C00260B15 /* OrderHistory .swift in Sources */,
				23CD7CB42A1A129E00260B15 /* SendButton.swift in Sources */,
				59A0B4E22A21E70800250403 /* newSizeDropDown.swift in Sources */,
				F57B08A02A1F3CC3002A8913 /* NewOrder.swift in Sources */,
				590B929A2A2CF0F00026B132 /* EnvironmentWindowKey.swift in Sources */,
			);
			runOnlyForDeploymentPostprocessing = 0;
		};
/* End PBXSourcesBuildPhase section */

/* Begin PBXVariantGroup section */
		F5255C172A1C9D6A0073AF14 /* Localizable.strings */ = {
			isa = PBXVariantGroup;
			children = (
				F5255C162A1C9D6A0073AF14 /* ar */,
				F5255C182A1C9D9B0073AF14 /* en */,
			);
			name = Localizable.strings;
			sourceTree = "<group>";
		};
/* End PBXVariantGroup section */

/* Begin XCBuildConfiguration section */
		2311743C2A0AB5FC003916F0 /* Debug */ = {
			isa = XCBuildConfiguration;
			buildSettings = {
				ALWAYS_SEARCH_USER_PATHS = NO;
				CLANG_ANALYZER_NONNULL = YES;
				CLANG_ANALYZER_NUMBER_OBJECT_CONVERSION = YES_AGGRESSIVE;
				CLANG_CXX_LANGUAGE_STANDARD = "gnu++20";
				CLANG_ENABLE_MODULES = YES;
				CLANG_ENABLE_OBJC_ARC = YES;
				CLANG_ENABLE_OBJC_WEAK = YES;
				CLANG_WARN_BLOCK_CAPTURE_AUTORELEASING = YES;
				CLANG_WARN_BOOL_CONVERSION = YES;
				CLANG_WARN_COMMA = YES;
				CLANG_WARN_CONSTANT_CONVERSION = YES;
				CLANG_WARN_DEPRECATED_OBJC_IMPLEMENTATIONS = YES;
				CLANG_WARN_DIRECT_OBJC_ISA_USAGE = YES_ERROR;
				CLANG_WARN_DOCUMENTATION_COMMENTS = YES;
				CLANG_WARN_EMPTY_BODY = YES;
				CLANG_WARN_ENUM_CONVERSION = YES;
				CLANG_WARN_INFINITE_RECURSION = YES;
				CLANG_WARN_INT_CONVERSION = YES;
				CLANG_WARN_NON_LITERAL_NULL_CONVERSION = YES;
				CLANG_WARN_OBJC_IMPLICIT_RETAIN_SELF = YES;
				CLANG_WARN_OBJC_LITERAL_CONVERSION = YES;
				CLANG_WARN_OBJC_ROOT_CLASS = YES_ERROR;
				CLANG_WARN_QUOTED_INCLUDE_IN_FRAMEWORK_HEADER = YES;
				CLANG_WARN_RANGE_LOOP_ANALYSIS = YES;
				CLANG_WARN_STRICT_PROTOTYPES = YES;
				CLANG_WARN_SUSPICIOUS_MOVE = YES;
				CLANG_WARN_UNGUARDED_AVAILABILITY = YES_AGGRESSIVE;
				CLANG_WARN_UNREACHABLE_CODE = YES;
				CLANG_WARN__DUPLICATE_METHOD_MATCH = YES;
				COPY_PHASE_STRIP = NO;
				DEBUG_INFORMATION_FORMAT = dwarf;
				ENABLE_STRICT_OBJC_MSGSEND = YES;
				ENABLE_TESTABILITY = YES;
				GCC_C_LANGUAGE_STANDARD = gnu11;
				GCC_DYNAMIC_NO_PIC = NO;
				GCC_NO_COMMON_BLOCKS = YES;
				GCC_OPTIMIZATION_LEVEL = 0;
				GCC_PREPROCESSOR_DEFINITIONS = (
					"DEBUG=1",
					"$(inherited)",
				);
				GCC_WARN_64_TO_32_BIT_CONVERSION = YES;
				GCC_WARN_ABOUT_RETURN_TYPE = YES_ERROR;
				GCC_WARN_UNDECLARED_SELECTOR = YES;
				GCC_WARN_UNINITIALIZED_AUTOS = YES_AGGRESSIVE;
				GCC_WARN_UNUSED_FUNCTION = YES;
				GCC_WARN_UNUSED_VARIABLE = YES;
				IPHONEOS_DEPLOYMENT_TARGET = 16.4;
				MTL_ENABLE_DEBUG_INFO = INCLUDE_SOURCE;
				MTL_FAST_MATH = YES;
				ONLY_ACTIVE_ARCH = YES;
				SDKROOT = iphoneos;
				SWIFT_ACTIVE_COMPILATION_CONDITIONS = DEBUG;
				SWIFT_OPTIMIZATION_LEVEL = "-Onone";
			};
			name = Debug;
		};
		2311743D2A0AB5FC003916F0 /* Release */ = {
			isa = XCBuildConfiguration;
			buildSettings = {
				ALWAYS_SEARCH_USER_PATHS = NO;
				CLANG_ANALYZER_NONNULL = YES;
				CLANG_ANALYZER_NUMBER_OBJECT_CONVERSION = YES_AGGRESSIVE;
				CLANG_CXX_LANGUAGE_STANDARD = "gnu++20";
				CLANG_ENABLE_MODULES = YES;
				CLANG_ENABLE_OBJC_ARC = YES;
				CLANG_ENABLE_OBJC_WEAK = YES;
				CLANG_WARN_BLOCK_CAPTURE_AUTORELEASING = YES;
				CLANG_WARN_BOOL_CONVERSION = YES;
				CLANG_WARN_COMMA = YES;
				CLANG_WARN_CONSTANT_CONVERSION = YES;
				CLANG_WARN_DEPRECATED_OBJC_IMPLEMENTATIONS = YES;
				CLANG_WARN_DIRECT_OBJC_ISA_USAGE = YES_ERROR;
				CLANG_WARN_DOCUMENTATION_COMMENTS = YES;
				CLANG_WARN_EMPTY_BODY = YES;
				CLANG_WARN_ENUM_CONVERSION = YES;
				CLANG_WARN_INFINITE_RECURSION = YES;
				CLANG_WARN_INT_CONVERSION = YES;
				CLANG_WARN_NON_LITERAL_NULL_CONVERSION = YES;
				CLANG_WARN_OBJC_IMPLICIT_RETAIN_SELF = YES;
				CLANG_WARN_OBJC_LITERAL_CONVERSION = YES;
				CLANG_WARN_OBJC_ROOT_CLASS = YES_ERROR;
				CLANG_WARN_QUOTED_INCLUDE_IN_FRAMEWORK_HEADER = YES;
				CLANG_WARN_RANGE_LOOP_ANALYSIS = YES;
				CLANG_WARN_STRICT_PROTOTYPES = YES;
				CLANG_WARN_SUSPICIOUS_MOVE = YES;
				CLANG_WARN_UNGUARDED_AVAILABILITY = YES_AGGRESSIVE;
				CLANG_WARN_UNREACHABLE_CODE = YES;
				CLANG_WARN__DUPLICATE_METHOD_MATCH = YES;
				COPY_PHASE_STRIP = NO;
				DEBUG_INFORMATION_FORMAT = "dwarf-with-dsym";
				ENABLE_NS_ASSERTIONS = NO;
				ENABLE_STRICT_OBJC_MSGSEND = YES;
				GCC_C_LANGUAGE_STANDARD = gnu11;
				GCC_NO_COMMON_BLOCKS = YES;
				GCC_WARN_64_TO_32_BIT_CONVERSION = YES;
				GCC_WARN_ABOUT_RETURN_TYPE = YES_ERROR;
				GCC_WARN_UNDECLARED_SELECTOR = YES;
				GCC_WARN_UNINITIALIZED_AUTOS = YES_AGGRESSIVE;
				GCC_WARN_UNUSED_FUNCTION = YES;
				GCC_WARN_UNUSED_VARIABLE = YES;
				IPHONEOS_DEPLOYMENT_TARGET = 16.4;
				MTL_ENABLE_DEBUG_INFO = NO;
				MTL_FAST_MATH = YES;
				SDKROOT = iphoneos;
				SWIFT_COMPILATION_MODE = wholemodule;
				SWIFT_OPTIMIZATION_LEVEL = "-O";
				VALIDATE_PRODUCT = YES;
			};
			name = Release;
		};
		2311743F2A0AB5FC003916F0 /* Debug */ = {
			isa = XCBuildConfiguration;
			buildSettings = {
				ASSETCATALOG_COMPILER_APPICON_NAME = AppIcon;
				ASSETCATALOG_COMPILER_GLOBAL_ACCENT_COLOR_NAME = AccentColor;
				CODE_SIGN_ENTITLEMENTS = SplititF1/SplititF1.entitlements;
				CODE_SIGN_STYLE = Automatic;
				CURRENT_PROJECT_VERSION = 1;
				DEVELOPMENT_ASSET_PATHS = "\"SplititF1/Preview Content\"";
				DEVELOPMENT_TEAM = F3J9926XAP;
				ENABLE_PREVIEWS = YES;
				GENERATE_INFOPLIST_FILE = YES;
				INFOPLIST_KEY_NSLocationWhenInUseUsageDescription = "App needs to access your location data to tell you your location";
				INFOPLIST_KEY_UIApplicationSceneManifest_Generation = YES;
				INFOPLIST_KEY_UIApplicationSupportsIndirectInputEvents = YES;
				INFOPLIST_KEY_UILaunchScreen_Generation = YES;
				INFOPLIST_KEY_UISupportedInterfaceOrientations_iPad = "UIInterfaceOrientationPortrait UIInterfaceOrientationPortraitUpsideDown UIInterfaceOrientationLandscapeLeft UIInterfaceOrientationLandscapeRight";
				INFOPLIST_KEY_UISupportedInterfaceOrientations_iPhone = "UIInterfaceOrientationPortrait UIInterfaceOrientationLandscapeLeft UIInterfaceOrientationLandscapeRight";
				IPHONEOS_DEPLOYMENT_TARGET = 16.1;
				LD_RUNPATH_SEARCH_PATHS = (
					"$(inherited)",
					"@executable_path/Frameworks",
				);
				MARKETING_VERSION = 1.0;
				PRODUCT_BUNDLE_IDENTIFIER = com.sarakuddah.splitit;
				PRODUCT_NAME = "$(TARGET_NAME)";
				SWIFT_EMIT_LOC_STRINGS = YES;
				SWIFT_VERSION = 5.0;
				TARGETED_DEVICE_FAMILY = "1,2";
			};
			name = Debug;
		};
		231174402A0AB5FC003916F0 /* Release */ = {
			isa = XCBuildConfiguration;
			buildSettings = {
				ASSETCATALOG_COMPILER_APPICON_NAME = AppIcon;
				ASSETCATALOG_COMPILER_GLOBAL_ACCENT_COLOR_NAME = AccentColor;
				CODE_SIGN_ENTITLEMENTS = SplititF1/SplititF1.entitlements;
				CODE_SIGN_IDENTITY = "Apple Development";
				CODE_SIGN_STYLE = Automatic;
				CURRENT_PROJECT_VERSION = 1;
				DEVELOPMENT_ASSET_PATHS = "\"SplititF1/Preview Content\"";
				DEVELOPMENT_TEAM = F3J9926XAP;
				ENABLE_PREVIEWS = YES;
				GENERATE_INFOPLIST_FILE = YES;
				INFOPLIST_KEY_NSLocationWhenInUseUsageDescription = "App needs to access your location data to tell you your location";
				INFOPLIST_KEY_UIApplicationSceneManifest_Generation = YES;
				INFOPLIST_KEY_UIApplicationSupportsIndirectInputEvents = YES;
				INFOPLIST_KEY_UILaunchScreen_Generation = YES;
				INFOPLIST_KEY_UISupportedInterfaceOrientations_iPad = "UIInterfaceOrientationPortrait UIInterfaceOrientationPortraitUpsideDown UIInterfaceOrientationLandscapeLeft UIInterfaceOrientationLandscapeRight";
				INFOPLIST_KEY_UISupportedInterfaceOrientations_iPhone = "UIInterfaceOrientationPortrait UIInterfaceOrientationLandscapeLeft UIInterfaceOrientationLandscapeRight";
				IPHONEOS_DEPLOYMENT_TARGET = 16.1;
				LD_RUNPATH_SEARCH_PATHS = (
					"$(inherited)",
					"@executable_path/Frameworks",
				);
				MARKETING_VERSION = 1.0;
				PRODUCT_BUNDLE_IDENTIFIER = com.sarakuddah.splitit;
				PRODUCT_NAME = "$(TARGET_NAME)";
				PROVISIONING_PROFILE_SPECIFIER = "";
				SWIFT_EMIT_LOC_STRINGS = YES;
				SWIFT_VERSION = 5.0;
				TARGETED_DEVICE_FAMILY = "1,2";
			};
			name = Release;
		};
/* End XCBuildConfiguration section */

/* Begin XCConfigurationList section */
		2311742B2A0AB5FB003916F0 /* Build configuration list for PBXProject "SplititF1" */ = {
			isa = XCConfigurationList;
			buildConfigurations = (
				2311743C2A0AB5FC003916F0 /* Debug */,
				2311743D2A0AB5FC003916F0 /* Release */,
			);
			defaultConfigurationIsVisible = 0;
			defaultConfigurationName = Release;
		};
		2311743E2A0AB5FC003916F0 /* Build configuration list for PBXNativeTarget "SplititF1" */ = {
			isa = XCConfigurationList;
			buildConfigurations = (
				2311743F2A0AB5FC003916F0 /* Debug */,
				231174402A0AB5FC003916F0 /* Release */,
			);
			defaultConfigurationIsVisible = 0;
			defaultConfigurationName = Release;
		};
/* End XCConfigurationList section */
	};
	rootObject = 231174282A0AB5FB003916F0 /* Project object */;
}
